{
  "name": "workspace",
  "version": "1.0.0",
  "lockfileVersion": 3,
  "requires": true,
  "packages": {
    "": {
      "name": "workspace",
      "version": "1.0.0",
      "license": "ISC",
      "devDependencies": {
        "jpeg-js": "0.4.4"
      }
    },
    "node_modules/jpeg-js": {
      "version": "0.4.4",
      "resolved": "http://package-firewall.replit.internal/npm/jpeg-js/-/jpeg-js-0.4.4.tgz",
      "integrity": "sha512-WZzeDOEtTOBK4Mdsar0IqEU5sMr3vSV2RqkAIzUEV2BHnUfKGyswWFPFwK5EeDo93K3FohSHbLAjj0s1Wzd+dg==",
      "dev": true,
      "license": "BSD-3-Clause"
    }
  }
}
